// !$*UTF8*$!
{
	archiveVersion = 1;
	classes = {
	};
	objectVersion = 55;
	objects = {

/* Begin PBXBuildFile section */
		8E6F60CD27311AA9009F99A1 /* Home.swift in Sources */ = {isa = PBXBuildFile; fileRef = 8E6F60CC27311AA9009F99A1 /* Home.swift */; };
		8E839F442719657500850C7C /* StockedApp.swift in Sources */ = {isa = PBXBuildFile; fileRef = 8E839F432719657500850C7C /* StockedApp.swift */; };
		8E839F462719657500850C7C /* Login.swift in Sources */ = {isa = PBXBuildFile; fileRef = 8E839F452719657500850C7C /* Login.swift */; };
		8E839F482719657500850C7C /* Assets.xcassets in Resources */ = {isa = PBXBuildFile; fileRef = 8E839F472719657500850C7C /* Assets.xcassets */; };
		8E839F4B2719657500850C7C /* Preview Assets.xcassets in Resources */ = {isa = PBXBuildFile; fileRef = 8E839F4A2719657500850C7C /* Preview Assets.xcassets */; };
		8E839F4D2719657500850C7C /* Persistence.swift in Sources */ = {isa = PBXBuildFile; fileRef = 8E839F4C2719657500850C7C /* Persistence.swift */; };
		8E839F502719657500850C7C /* Stocked.xcdatamodeld in Sources */ = {isa = PBXBuildFile; fileRef = 8E839F4E2719657500850C7C /* Stocked.xcdatamodeld */; };
		8E839F5A2719657600850C7C /* StockedTests.swift in Sources */ = {isa = PBXBuildFile; fileRef = 8E839F592719657600850C7C /* StockedTests.swift */; };
		8E839F642719657600850C7C /* StockedUITests.swift in Sources */ = {isa = PBXBuildFile; fileRef = 8E839F632719657600850C7C /* StockedUITests.swift */; };
		8E839F662719657600850C7C /* StockedUITestsLaunchTests.swift in Sources */ = {isa = PBXBuildFile; fileRef = 8E839F652719657600850C7C /* StockedUITestsLaunchTests.swift */; };
		8E853BC02730FD4300132E29 /* FirebaseAuth in Frameworks */ = {isa = PBXBuildFile; productRef = 8E853BBF2730FD4300132E29 /* FirebaseAuth */; };
		8E853BC22730FE9100132E29 /* GoogleService-Info.plist in Resources */ = {isa = PBXBuildFile; fileRef = 8E853BC12730FE9100132E29 /* GoogleService-Info.plist */; };
		8E853BC42731034400132E29 /* FirestoreManager.swift in Sources */ = {isa = PBXBuildFile; fileRef = 8E853BC32731034400132E29 /* FirestoreManager.swift */; };
		8ED62AF9273127020088AC62 /* SignUp.swift in Sources */ = {isa = PBXBuildFile; fileRef = 8ED62AF8273127020088AC62 /* SignUp.swift */; };
/* End PBXBuildFile section */

/* Begin PBXContainerItemProxy section */
		8E839F562719657600850C7C /* PBXContainerItemProxy */ = {
			isa = PBXContainerItemProxy;
			containerPortal = 8E839F382719657500850C7C /* Project object */;
			proxyType = 1;
			remoteGlobalIDString = 8E839F3F2719657500850C7C;
			remoteInfo = Stocked;
		};
		8E839F602719657600850C7C /* PBXContainerItemProxy */ = {
			isa = PBXContainerItemProxy;
			containerPortal = 8E839F382719657500850C7C /* Project object */;
			proxyType = 1;
			remoteGlobalIDString = 8E839F3F2719657500850C7C;
			remoteInfo = Stocked;
		};
/* End PBXContainerItemProxy section */

/* Begin PBXFileReference section */
		8E6F60CC27311AA9009F99A1 /* Home.swift */ = {isa = PBXFileReference; lastKnownFileType = sourcecode.swift; path = Home.swift; sourceTree = "<group>"; };
		8E839F402719657500850C7C /* Stocked.app */ = {isa = PBXFileReference; explicitFileType = wrapper.application; includeInIndex = 0; path = Stocked.app; sourceTree = BUILT_PRODUCTS_DIR; };
		8E839F432719657500850C7C /* StockedApp.swift */ = {isa = PBXFileReference; lastKnownFileType = sourcecode.swift; path = StockedApp.swift; sourceTree = "<group>"; };
		8E839F452719657500850C7C /* Login.swift */ = {isa = PBXFileReference; lastKnownFileType = sourcecode.swift; path = Login.swift; sourceTree = "<group>"; };
		8E839F472719657500850C7C /* Assets.xcassets */ = {isa = PBXFileReference; lastKnownFileType = folder.assetcatalog; path = Assets.xcassets; sourceTree = "<group>"; };
		8E839F4A2719657500850C7C /* Preview Assets.xcassets */ = {isa = PBXFileReference; lastKnownFileType = folder.assetcatalog; path = "Preview Assets.xcassets"; sourceTree = "<group>"; };
		8E839F4C2719657500850C7C /* Persistence.swift */ = {isa = PBXFileReference; lastKnownFileType = sourcecode.swift; path = Persistence.swift; sourceTree = "<group>"; };
		8E839F4F2719657500850C7C /* Stocked.xcdatamodel */ = {isa = PBXFileReference; lastKnownFileType = wrapper.xcdatamodel; path = Stocked.xcdatamodel; sourceTree = "<group>"; };
		8E839F552719657600850C7C /* StockedTests.xctest */ = {isa = PBXFileReference; explicitFileType = wrapper.cfbundle; includeInIndex = 0; path = StockedTests.xctest; sourceTree = BUILT_PRODUCTS_DIR; };
		8E839F592719657600850C7C /* StockedTests.swift */ = {isa = PBXFileReference; lastKnownFileType = sourcecode.swift; path = StockedTests.swift; sourceTree = "<group>"; };
		8E839F5F2719657600850C7C /* StockedUITests.xctest */ = {isa = PBXFileReference; explicitFileType = wrapper.cfbundle; includeInIndex = 0; path = StockedUITests.xctest; sourceTree = BUILT_PRODUCTS_DIR; };
		8E839F632719657600850C7C /* StockedUITests.swift */ = {isa = PBXFileReference; lastKnownFileType = sourcecode.swift; path = StockedUITests.swift; sourceTree = "<group>"; };
		8E839F652719657600850C7C /* StockedUITestsLaunchTests.swift */ = {isa = PBXFileReference; lastKnownFileType = sourcecode.swift; path = StockedUITestsLaunchTests.swift; sourceTree = "<group>"; };
		8E853BC12730FE9100132E29 /* GoogleService-Info.plist */ = {isa = PBXFileReference; fileEncoding = 4; lastKnownFileType = text.plist.xml; name = "GoogleService-Info.plist"; path = "../../../GoogleService-Info.plist"; sourceTree = "<group>"; };
		8E853BC32731034400132E29 /* FirestoreManager.swift */ = {isa = PBXFileReference; lastKnownFileType = sourcecode.swift; path = FirestoreManager.swift; sourceTree = "<group>"; };
		8ED62AF8273127020088AC62 /* SignUp.swift */ = {isa = PBXFileReference; lastKnownFileType = sourcecode.swift; path = SignUp.swift; sourceTree = "<group>"; };
/* End PBXFileReference section */

/* Begin PBXFrameworksBuildPhase section */
		8E839F3D2719657500850C7C /* Frameworks */ = {
			isa = PBXFrameworksBuildPhase;
			buildActionMask = 2147483647;
			files = (
				8E853BC02730FD4300132E29 /* FirebaseAuth in Frameworks */,
			);
			runOnlyForDeploymentPostprocessing = 0;
		};
		8E839F522719657600850C7C /* Frameworks */ = {
			isa = PBXFrameworksBuildPhase;
			buildActionMask = 2147483647;
			files = (
			);
			runOnlyForDeploymentPostprocessing = 0;
		};
		8E839F5C2719657600850C7C /* Frameworks */ = {
			isa = PBXFrameworksBuildPhase;
			buildActionMask = 2147483647;
			files = (
			);
			runOnlyForDeploymentPostprocessing = 0;
		};
/* End PBXFrameworksBuildPhase section */

/* Begin PBXGroup section */
		8E839F372719657500850C7C = {
			isa = PBXGroup;
			children = (
				8E839F422719657500850C7C /* Stocked */,
				8E839F582719657600850C7C /* StockedTests */,
				8E839F622719657600850C7C /* StockedUITests */,
				8E839F412719657500850C7C /* Products */,
			);
			sourceTree = "<group>";
		};
		8E839F412719657500850C7C /* Products */ = {
			isa = PBXGroup;
			children = (
				8E839F402719657500850C7C /* Stocked.app */,
				8E839F552719657600850C7C /* StockedTests.xctest */,
				8E839F5F2719657600850C7C /* StockedUITests.xctest */,
			);
			name = Products;
			sourceTree = "<group>";
		};
		8E839F422719657500850C7C /* Stocked */ = {
			isa = PBXGroup;
			children = (
				8E853BC12730FE9100132E29 /* GoogleService-Info.plist */,
				8E839F432719657500850C7C /* StockedApp.swift */,
				8E839F452719657500850C7C /* Login.swift */,
				8E839F472719657500850C7C /* Assets.xcassets */,
				8E839F4C2719657500850C7C /* Persistence.swift */,
				8E853BC32731034400132E29 /* FirestoreManager.swift */,
				8E839F4E2719657500850C7C /* Stocked.xcdatamodeld */,
				8E839F492719657500850C7C /* Preview Content */,
				8E6F60CC27311AA9009F99A1 /* Home.swift */,
				8ED62AF8273127020088AC62 /* SignUp.swift */,
			);
			path = Stocked;
			sourceTree = "<group>";
		};
		8E839F492719657500850C7C /* Preview Content */ = {
			isa = PBXGroup;
			children = (
				8E839F4A2719657500850C7C /* Preview Assets.xcassets */,
			);
			path = "Preview Content";
			sourceTree = "<group>";
		};
		8E839F582719657600850C7C /* StockedTests */ = {
			isa = PBXGroup;
			children = (
				8E839F592719657600850C7C /* StockedTests.swift */,
			);
			path = StockedTests;
			sourceTree = "<group>";
		};
		8E839F622719657600850C7C /* StockedUITests */ = {
			isa = PBXGroup;
			children = (
				8E839F632719657600850C7C /* StockedUITests.swift */,
				8E839F652719657600850C7C /* StockedUITestsLaunchTests.swift */,
			);
			path = StockedUITests;
			sourceTree = "<group>";
		};
/* End PBXGroup section */

/* Begin PBXNativeTarget section */
		8E839F3F2719657500850C7C /* Stocked */ = {
			isa = PBXNativeTarget;
			buildConfigurationList = 8E839F692719657600850C7C /* Build configuration list for PBXNativeTarget "Stocked" */;
			buildPhases = (
				8E839F3C2719657500850C7C /* Sources */,
				8E839F3D2719657500850C7C /* Frameworks */,
				8E839F3E2719657500850C7C /* Resources */,
			);
			buildRules = (
			);
			dependencies = (
			);
			name = Stocked;
			packageProductDependencies = (
				8E853BBF2730FD4300132E29 /* FirebaseAuth */,
			);
			productName = Stocked;
			productReference = 8E839F402719657500850C7C /* Stocked.app */;
			productType = "com.apple.product-type.application";
		};
		8E839F542719657600850C7C /* StockedTests */ = {
			isa = PBXNativeTarget;
			buildConfigurationList = 8E839F6C2719657600850C7C /* Build configuration list for PBXNativeTarget "StockedTests" */;
			buildPhases = (
				8E839F512719657600850C7C /* Sources */,
				8E839F522719657600850C7C /* Frameworks */,
				8E839F532719657600850C7C /* Resources */,
			);
			buildRules = (
			);
			dependencies = (
				8E839F572719657600850C7C /* PBXTargetDependency */,
			);
			name = StockedTests;
			productName = StockedTests;
			productReference = 8E839F552719657600850C7C /* StockedTests.xctest */;
			productType = "com.apple.product-type.bundle.unit-test";
		};
		8E839F5E2719657600850C7C /* StockedUITests */ = {
			isa = PBXNativeTarget;
			buildConfigurationList = 8E839F6F2719657600850C7C /* Build configuration list for PBXNativeTarget "StockedUITests" */;
			buildPhases = (
				8E839F5B2719657600850C7C /* Sources */,
				8E839F5C2719657600850C7C /* Frameworks */,
				8E839F5D2719657600850C7C /* Resources */,
			);
			buildRules = (
			);
			dependencies = (
				8E839F612719657600850C7C /* PBXTargetDependency */,
			);
			name = StockedUITests;
			productName = StockedUITests;
			productReference = 8E839F5F2719657600850C7C /* StockedUITests.xctest */;
			productType = "com.apple.product-type.bundle.ui-testing";
		};
/* End PBXNativeTarget section */

/* Begin PBXProject section */
		8E839F382719657500850C7C /* Project object */ = {
			isa = PBXProject;
			attributes = {
				BuildIndependentTargetsInParallel = 1;
				LastSwiftUpdateCheck = 1300;
				LastUpgradeCheck = 1300;
				TargetAttributes = {
					8E839F3F2719657500850C7C = {
						CreatedOnToolsVersion = 13.0;
					};
					8E839F542719657600850C7C = {
						CreatedOnToolsVersion = 13.0;
						TestTargetID = 8E839F3F2719657500850C7C;
					};
					8E839F5E2719657600850C7C = {
						CreatedOnToolsVersion = 13.0;
						TestTargetID = 8E839F3F2719657500850C7C;
					};
				};
			};
			buildConfigurationList = 8E839F3B2719657500850C7C /* Build configuration list for PBXProject "Stocked" */;
			compatibilityVersion = "Xcode 13.0";
			developmentRegion = en;
			hasScannedForEncodings = 0;
			knownRegions = (
				en,
				Base,
			);
			mainGroup = 8E839F372719657500850C7C;
			packageReferences = (
				8E853BBE2730FD4300132E29 /* XCRemoteSwiftPackageReference "firebase-ios-sdk" */,
			);
			productRefGroup = 8E839F412719657500850C7C /* Products */;
			projectDirPath = "";
			projectRoot = "";
			targets = (
				8E839F3F2719657500850C7C /* Stocked */,
				8E839F542719657600850C7C /* StockedTests */,
				8E839F5E2719657600850C7C /* StockedUITests */,
			);
		};
/* End PBXProject section */

/* Begin PBXResourcesBuildPhase section */
		8E839F3E2719657500850C7C /* Resources */ = {
			isa = PBXResourcesBuildPhase;
			buildActionMask = 2147483647;
			files = (
				8E839F4B2719657500850C7C /* Preview Assets.xcassets in Resources */,
				8E839F482719657500850C7C /* Assets.xcassets in Resources */,
				8E853BC22730FE9100132E29 /* GoogleService-Info.plist in Resources */,
			);
			runOnlyForDeploymentPostprocessing = 0;
		};
		8E839F532719657600850C7C /* Resources */ = {
			isa = PBXResourcesBuildPhase;
			buildActionMask = 2147483647;
			files = (
			);
			runOnlyForDeploymentPostprocessing = 0;
		};
		8E839F5D2719657600850C7C /* Resources */ = {
			isa = PBXResourcesBuildPhase;
			buildActionMask = 2147483647;
			files = (
			);
			runOnlyForDeploymentPostprocessing = 0;
		};
/* End PBXResourcesBuildPhase section */

/* Begin PBXSourcesBuildPhase section */
		8E839F3C2719657500850C7C /* Sources */ = {
			isa = PBXSourcesBuildPhase;
			buildActionMask = 2147483647;
			files = (
				8ED62AF9273127020088AC62 /* SignUp.swift in Sources */,
				8E839F4D2719657500850C7C /* Persistence.swift in Sources */,
				8E853BC42731034400132E29 /* FirestoreManager.swift in Sources */,
				8E839F502719657500850C7C /* Stocked.xcdatamodeld in Sources */,
				8E839F462719657500850C7C /* Login.swift in Sources */,
				8E6F60CD27311AA9009F99A1 /* Home.swift in Sources */,
				8E839F442719657500850C7C /* StockedApp.swift in Sources */,
			);
			runOnlyForDeploymentPostprocessing = 0;
		};
		8E839F512719657600850C7C /* Sources */ = {
			isa = PBXSourcesBuildPhase;
			buildActionMask = 2147483647;
			files = (
				8E839F5A2719657600850C7C /* StockedTests.swift in Sources */,
			);
			runOnlyForDeploymentPostprocessing = 0;
		};
		8E839F5B2719657600850C7C /* Sources */ = {
			isa = PBXSourcesBuildPhase;
			buildActionMask = 2147483647;
			files = (
				8E839F662719657600850C7C /* StockedUITestsLaunchTests.swift in Sources */,
				8E839F642719657600850C7C /* StockedUITests.swift in Sources */,
			);
			runOnlyForDeploymentPostprocessing = 0;
		};
/* End PBXSourcesBuildPhase section */

/* Begin PBXTargetDependency section */
		8E839F572719657600850C7C /* PBXTargetDependency */ = {
			isa = PBXTargetDependency;
			target = 8E839F3F2719657500850C7C /* Stocked */;
			targetProxy = 8E839F562719657600850C7C /* PBXContainerItemProxy */;
		};
		8E839F612719657600850C7C /* PBXTargetDependency */ = {
			isa = PBXTargetDependency;
			target = 8E839F3F2719657500850C7C /* Stocked */;
			targetProxy = 8E839F602719657600850C7C /* PBXContainerItemProxy */;
		};
/* End PBXTargetDependency section */

/* Begin XCBuildConfiguration section */
		8E839F672719657600850C7C /* Debug */ = {
			isa = XCBuildConfiguration;
			buildSettings = {
				ALWAYS_SEARCH_USER_PATHS = NO;
				CLANG_ANALYZER_NONNULL = YES;
				CLANG_ANALYZER_NUMBER_OBJECT_CONVERSION = YES_AGGRESSIVE;
				CLANG_CXX_LANGUAGE_STANDARD = "gnu++17";
				CLANG_CXX_LIBRARY = "libc++";
				CLANG_ENABLE_MODULES = YES;
				CLANG_ENABLE_OBJC_ARC = YES;
				CLANG_ENABLE_OBJC_WEAK = YES;
				CLANG_WARN_BLOCK_CAPTURE_AUTORELEASING = YES;
				CLANG_WARN_BOOL_CONVERSION = YES;
				CLANG_WARN_COMMA = YES;
				CLANG_WARN_CONSTANT_CONVERSION = YES;
				CLANG_WARN_DEPRECATED_OBJC_IMPLEMENTATIONS = YES;
				CLANG_WARN_DIRECT_OBJC_ISA_USAGE = YES_ERROR;
				CLANG_WARN_DOCUMENTATION_COMMENTS = YES;
				CLANG_WARN_EMPTY_BODY = YES;
				CLANG_WARN_ENUM_CONVERSION = YES;
				CLANG_WARN_INFINITE_RECURSION = YES;
				CLANG_WARN_INT_CONVERSION = YES;
				CLANG_WARN_NON_LITERAL_NULL_CONVERSION = YES;
				CLANG_WARN_OBJC_IMPLICIT_RETAIN_SELF = YES;
				CLANG_WARN_OBJC_LITERAL_CONVERSION = YES;
				CLANG_WARN_OBJC_ROOT_CLASS = YES_ERROR;
				CLANG_WARN_QUOTED_INCLUDE_IN_FRAMEWORK_HEADER = YES;
				CLANG_WARN_RANGE_LOOP_ANALYSIS = YES;
				CLANG_WARN_STRICT_PROTOTYPES = YES;
				CLANG_WARN_SUSPICIOUS_MOVE = YES;
				CLANG_WARN_UNGUARDED_AVAILABILITY = YES_AGGRESSIVE;
				CLANG_WARN_UNREACHABLE_CODE = YES;
				CLANG_WARN__DUPLICATE_METHOD_MATCH = YES;
				COPY_PHASE_STRIP = NO;
				DEBUG_INFORMATION_FORMAT = dwarf;
				ENABLE_STRICT_OBJC_MSGSEND = YES;
				ENABLE_TESTABILITY = YES;
				GCC_C_LANGUAGE_STANDARD = gnu11;
				GCC_DYNAMIC_NO_PIC = NO;
				GCC_NO_COMMON_BLOCKS = YES;
				GCC_OPTIMIZATION_LEVEL = 0;
				GCC_PREPROCESSOR_DEFINITIONS = (
					"DEBUG=1",
					"$(inherited)",
				);
				GCC_WARN_64_TO_32_BIT_CONVERSION = YES;
				GCC_WARN_ABOUT_RETURN_TYPE = YES_ERROR;
				GCC_WARN_UNDECLARED_SELECTOR = YES;
				GCC_WARN_UNINITIALIZED_AUTOS = YES_AGGRESSIVE;
				GCC_WARN_UNUSED_FUNCTION = YES;
				GCC_WARN_UNUSED_VARIABLE = YES;
				IPHONEOS_DEPLOYMENT_TARGET = 15.0;
				MTL_ENABLE_DEBUG_INFO = INCLUDE_SOURCE;
				MTL_FAST_MATH = YES;
				ONLY_ACTIVE_ARCH = YES;
				SDKROOT = iphoneos;
				SWIFT_ACTIVE_COMPILATION_CONDITIONS = DEBUG;
				SWIFT_OPTIMIZATION_LEVEL = "-Onone";
			};
			name = Debug;
		};
		8E839F682719657600850C7C /* Release */ = {
			isa = XCBuildConfiguration;
			buildSettings = {
				ALWAYS_SEARCH_USER_PATHS = NO;
				CLANG_ANALYZER_NONNULL = YES;
				CLANG_ANALYZER_NUMBER_OBJECT_CONVERSION = YES_AGGRESSIVE;
				CLANG_CXX_LANGUAGE_STANDARD = "gnu++17";
				CLANG_CXX_LIBRARY = "libc++";
				CLANG_ENABLE_MODULES = YES;
				CLANG_ENABLE_OBJC_ARC = YES;
				CLANG_ENABLE_OBJC_WEAK = YES;
				CLANG_WARN_BLOCK_CAPTURE_AUTORELEASING = YES;
				CLANG_WARN_BOOL_CONVERSION = YES;
				CLANG_WARN_COMMA = YES;
				CLANG_WARN_CONSTANT_CONVERSION = YES;
				CLANG_WARN_DEPRECATED_OBJC_IMPLEMENTATIONS = YES;
				CLANG_WARN_DIRECT_OBJC_ISA_USAGE = YES_ERROR;
				CLANG_WARN_DOCUMENTATION_COMMENTS = YES;
				CLANG_WARN_EMPTY_BODY = YES;
				CLANG_WARN_ENUM_CONVERSION = YES;
				CLANG_WARN_INFINITE_RECURSION = YES;
				CLANG_WARN_INT_CONVERSION = YES;
				CLANG_WARN_NON_LITERAL_NULL_CONVERSION = YES;
				CLANG_WARN_OBJC_IMPLICIT_RETAIN_SELF = YES;
				CLANG_WARN_OBJC_LITERAL_CONVERSION = YES;
				CLANG_WARN_OBJC_ROOT_CLASS = YES_ERROR;
				CLANG_WARN_QUOTED_INCLUDE_IN_FRAMEWORK_HEADER = YES;
				CLANG_WARN_RANGE_LOOP_ANALYSIS = YES;
				CLANG_WARN_STRICT_PROTOTYPES = YES;
				CLANG_WARN_SUSPICIOUS_MOVE = YES;
				CLANG_WARN_UNGUARDED_AVAILABILITY = YES_AGGRESSIVE;
				CLANG_WARN_UNREACHABLE_CODE = YES;
				CLANG_WARN__DUPLICATE_METHOD_MATCH = YES;
				COPY_PHASE_STRIP = NO;
				DEBUG_INFORMATION_FORMAT = "dwarf-with-dsym";
				ENABLE_NS_ASSERTIONS = NO;
				ENABLE_STRICT_OBJC_MSGSEND = YES;
				GCC_C_LANGUAGE_STANDARD = gnu11;
				GCC_NO_COMMON_BLOCKS = YES;
				GCC_WARN_64_TO_32_BIT_CONVERSION = YES;
				GCC_WARN_ABOUT_RETURN_TYPE = YES_ERROR;
				GCC_WARN_UNDECLARED_SELECTOR = YES;
				GCC_WARN_UNINITIALIZED_AUTOS = YES_AGGRESSIVE;
				GCC_WARN_UNUSED_FUNCTION = YES;
				GCC_WARN_UNUSED_VARIABLE = YES;
				IPHONEOS_DEPLOYMENT_TARGET = 15.0;
				MTL_ENABLE_DEBUG_INFO = NO;
				MTL_FAST_MATH = YES;
				SDKROOT = iphoneos;
				SWIFT_COMPILATION_MODE = wholemodule;
				SWIFT_OPTIMIZATION_LEVEL = "-O";
				VALIDATE_PRODUCT = YES;
			};
			name = Release;
		};
		8E839F6A2719657600850C7C /* Debug */ = {
			isa = XCBuildConfiguration;
			buildSettings = {
				ASSETCATALOG_COMPILER_APPICON_NAME = AppIcon;
				ASSETCATALOG_COMPILER_GLOBAL_ACCENT_COLOR_NAME = AccentColor;
				CODE_SIGN_STYLE = Automatic;
				CURRENT_PROJECT_VERSION = 1;
				DEVELOPMENT_ASSET_PATHS = "\"Stocked/Preview Content\"";
				DEVELOPMENT_TEAM = 6VDD55NKDR;
				ENABLE_PREVIEWS = YES;
				GENERATE_INFOPLIST_FILE = YES;
				INFOPLIST_KEY_UIApplicationSceneManifest_Generation = YES;
				INFOPLIST_KEY_UIApplicationSupportsIndirectInputEvents = YES;
				INFOPLIST_KEY_UILaunchScreen_Generation = YES;
				INFOPLIST_KEY_UISupportedInterfaceOrientations_iPad = "UIInterfaceOrientationPortrait UIInterfaceOrientationPortraitUpsideDown UIInterfaceOrientationLandscapeLeft UIInterfaceOrientationLandscapeRight";
				INFOPLIST_KEY_UISupportedInterfaceOrientations_iPhone = "UIInterfaceOrientationPortrait UIInterfaceOrientationLandscapeLeft UIInterfaceOrientationLandscapeRight";
				IPHONEOS_DEPLOYMENT_TARGET = 14.0;
				LD_RUNPATH_SEARCH_PATHS = (
					"$(inherited)",
					"@executable_path/Frameworks",
				);
				MARKETING_VERSION = 1.0;
				PRODUCT_BUNDLE_IDENTIFIER = JacobStephens.Stocked;
				PRODUCT_NAME = "$(TARGET_NAME)";
				SWIFT_EMIT_LOC_STRINGS = YES;
				SWIFT_VERSION = 5.0;
				TARGETED_DEVICE_FAMILY = "1,2";
			};
			name = Debug;
		};
		8E839F6B2719657600850C7C /* Release */ = {
			isa = XCBuildConfiguration;
			buildSettings = {
				ASSETCATALOG_COMPILER_APPICON_NAME = AppIcon;
				ASSETCATALOG_COMPILER_GLOBAL_ACCENT_COLOR_NAME = AccentColor;
				CODE_SIGN_STYLE = Automatic;
				CURRENT_PROJECT_VERSION = 1;
				DEVELOPMENT_ASSET_PATHS = "\"Stocked/Preview Content\"";
				DEVELOPMENT_TEAM = 6VDD55NKDR;
				ENABLE_PREVIEWS = YES;
				GENERATE_INFOPLIST_FILE = YES;
				INFOPLIST_KEY_UIApplicationSceneManifest_Generation = YES;
				INFOPLIST_KEY_UIApplicationSupportsIndirectInputEvents = YES;
				INFOPLIST_KEY_UILaunchScreen_Generation = YES;
				INFOPLIST_KEY_UISupportedInterfaceOrientations_iPad = "UIInterfaceOrientationPortrait UIInterfaceOrientationPortraitUpsideDown UIInterfaceOrientationLandscapeLeft UIInterfaceOrientationLandscapeRight";
				INFOPLIST_KEY_UISupportedInterfaceOrientations_iPhone = "UIInterfaceOrientationPortrait UIInterfaceOrientationLandscapeLeft UIInterfaceOrientationLandscapeRight";
				IPHONEOS_DEPLOYMENT_TARGET = 14.0;
				LD_RUNPATH_SEARCH_PATHS = (
					"$(inherited)",
					"@executable_path/Frameworks",
				);
				MARKETING_VERSION = 1.0;
				PRODUCT_BUNDLE_IDENTIFIER = JacobStephens.Stocked;
				PRODUCT_NAME = "$(TARGET_NAME)";
				SWIFT_EMIT_LOC_STRINGS = YES;
				SWIFT_VERSION = 5.0;
				TARGETED_DEVICE_FAMILY = "1,2";
			};
			name = Release;
		};
		8E839F6D2719657600850C7C /* Debug */ = {
			isa = XCBuildConfiguration;
			buildSettings = {
				ALWAYS_EMBED_SWIFT_STANDARD_LIBRARIES = YES;
				BUNDLE_LOADER = "$(TEST_HOST)";
				CODE_SIGN_STYLE = Automatic;
				CURRENT_PROJECT_VERSION = 1;
				DEVELOPMENT_TEAM = 6VDD55NKDR;
				GENERATE_INFOPLIST_FILE = YES;
				IPHONEOS_DEPLOYMENT_TARGET = 14.0;
				LD_RUNPATH_SEARCH_PATHS = (
					"$(inherited)",
					"@executable_path/Frameworks",
					"@loader_path/Frameworks",
				);
				MARKETING_VERSION = 1.0;
				PRODUCT_BUNDLE_IDENTIFIER = JacobStephens.StockedTests;
				PRODUCT_NAME = "$(TARGET_NAME)";
				SWIFT_EMIT_LOC_STRINGS = NO;
				SWIFT_VERSION = 5.0;
				TARGETED_DEVICE_FAMILY = "1,2";
				TEST_HOST = "$(BUILT_PRODUCTS_DIR)/Stocked.app/Stocked";
			};
			name = Debug;
		};
		8E839F6E2719657600850C7C /* Release */ = {
			isa = XCBuildConfiguration;
			buildSettings = {
				ALWAYS_EMBED_SWIFT_STANDARD_LIBRARIES = YES;
				BUNDLE_LOADER = "$(TEST_HOST)";
				CODE_SIGN_STYLE = Automatic;
				CURRENT_PROJECT_VERSION = 1;
				DEVELOPMENT_TEAM = 6VDD55NKDR;
				GENERATE_INFOPLIST_FILE = YES;
				IPHONEOS_DEPLOYMENT_TARGET = 14.0;
				LD_RUNPATH_SEARCH_PATHS = (
					"$(inherited)",
					"@executable_path/Frameworks",
					"@loader_path/Frameworks",
				);
				MARKETING_VERSION = 1.0;
				PRODUCT_BUNDLE_IDENTIFIER = JacobStephens.StockedTests;
				PRODUCT_NAME = "$(TARGET_NAME)";
				SWIFT_EMIT_LOC_STRINGS = NO;
				SWIFT_VERSION = 5.0;
				TARGETED_DEVICE_FAMILY = "1,2";
				TEST_HOST = "$(BUILT_PRODUCTS_DIR)/Stocked.app/Stocked";
			};
			name = Release;
		};
		8E839F702719657600850C7C /* Debug */ = {
			isa = XCBuildConfiguration;
			buildSettings = {
				ALWAYS_EMBED_SWIFT_STANDARD_LIBRARIES = YES;
				CODE_SIGN_STYLE = Automatic;
				CURRENT_PROJECT_VERSION = 1;
				DEVELOPMENT_TEAM = 6VDD55NKDR;
				GENERATE_INFOPLIST_FILE = YES;
				LD_RUNPATH_SEARCH_PATHS = (
					"$(inherited)",
					"@executable_path/Frameworks",
					"@loader_path/Frameworks",
				);
				MARKETING_VERSION = 1.0;
				PRODUCT_BUNDLE_IDENTIFIER = JacobStephens.StockedUITests;
				PRODUCT_NAME = "$(TARGET_NAME)";
				SWIFT_EMIT_LOC_STRINGS = NO;
				SWIFT_VERSION = 5.0;
				TARGETED_DEVICE_FAMILY = "1,2";
				TEST_TARGET_NAME = Stocked;
			};
			name = Debug;
		};
		8E839F712719657600850C7C /* Release */ = {
			isa = XCBuildConfiguration;
			buildSettings = {
				ALWAYS_EMBED_SWIFT_STANDARD_LIBRARIES = YES;
				CODE_SIGN_STYLE = Automatic;
				CURRENT_PROJECT_VERSION = 1;
				DEVELOPMENT_TEAM = 6VDD55NKDR;
				GENERATE_INFOPLIST_FILE = YES;
				LD_RUNPATH_SEARCH_PATHS = (
					"$(inherited)",
					"@executable_path/Frameworks",
					"@loader_path/Frameworks",
				);
				MARKETING_VERSION = 1.0;
				PRODUCT_BUNDLE_IDENTIFIER = JacobStephens.StockedUITests;
				PRODUCT_NAME = "$(TARGET_NAME)";
				SWIFT_EMIT_LOC_STRINGS = NO;
				SWIFT_VERSION = 5.0;
				TARGETED_DEVICE_FAMILY = "1,2";
				TEST_TARGET_NAME = Stocked;
			};
			name = Release;
		};
/* End XCBuildConfiguration section */

/* Begin XCConfigurationList section */
		8E839F3B2719657500850C7C /* Build configuration list for PBXProject "Stocked" */ = {
			isa = XCConfigurationList;
			buildConfigurations = (
				8E839F672719657600850C7C /* Debug */,
				8E839F682719657600850C7C /* Release */,
			);
			defaultConfigurationIsVisible = 0;
			defaultConfigurationName = Release;
		};
		8E839F692719657600850C7C /* Build configuration list for PBXNativeTarget "Stocked" */ = {
			isa = XCConfigurationList;
			buildConfigurations = (
				8E839F6A2719657600850C7C /* Debug */,
				8E839F6B2719657600850C7C /* Release */,
			);
			defaultConfigurationIsVisible = 0;
			defaultConfigurationName = Release;
		};
		8E839F6C2719657600850C7C /* Build configuration list for PBXNativeTarget "StockedTests" */ = {
			isa = XCConfigurationList;
			buildConfigurations = (
				8E839F6D2719657600850C7C /* Debug */,
				8E839F6E2719657600850C7C /* Release */,
			);
			defaultConfigurationIsVisible = 0;
			defaultConfigurationName = Release;
		};
		8E839F6F2719657600850C7C /* Build configuration list for PBXNativeTarget "StockedUITests" */ = {
			isa = XCConfigurationList;
			buildConfigurations = (
				8E839F702719657600850C7C /* Debug */,
				8E839F712719657600850C7C /* Release */,
			);
			defaultConfigurationIsVisible = 0;
			defaultConfigurationName = Release;
		};
/* End XCConfigurationList section */

/* Begin XCRemoteSwiftPackageReference section */
		8E853BBE2730FD4300132E29 /* XCRemoteSwiftPackageReference "firebase-ios-sdk" */ = {
			isa = XCRemoteSwiftPackageReference;
			repositoryURL = "https://github.com/firebase/firebase-ios-sdk.git";
			requirement = {
				kind = upToNextMajorVersion;
				minimumVersion = 8.0.0;
			};
		};
/* End XCRemoteSwiftPackageReference section */

/* Begin XCSwiftPackageProductDependency section */
		8E853BBF2730FD4300132E29 /* FirebaseAuth */ = {
			isa = XCSwiftPackageProductDependency;
			package = 8E853BBE2730FD4300132E29 /* XCRemoteSwiftPackageReference "firebase-ios-sdk" */;
			productName = FirebaseAuth;
		};
/* End XCSwiftPackageProductDependency section */

/* Begin XCVersionGroup section */
		8E839F4E2719657500850C7C /* Stocked.xcdatamodeld */ = {
			isa = XCVersionGroup;
			children = (
				8E839F4F2719657500850C7C /* Stocked.xcdatamodel */,
			);
			currentVersion = 8E839F4F2719657500850C7C /* Stocked.xcdatamodel */;
			path = Stocked.xcdatamodeld;
			sourceTree = "<group>";
			versionGroupType = wrapper.xcdatamodel;
		};
/* End XCVersionGroup section */
	};
	rootObject = 8E839F382719657500850C7C /* Project object */;
}
